// !$*UTF8*$!
{
	archiveVersion = 1;
	classes = {
	};
	objectVersion = 77;
	objects = {

/* Begin PBXBuildFile section */
		E9089BCC2E4D0E2900309575 /* Localizable.xcstrings in Resources */ = {isa = PBXBuildFile; fileRef = E9089BC82E4D0E2900309575 /* Localizable.xcstrings */; };
		E9089BCD2E4D0E2900309575 /* FoodTemplates.json in Resources */ = {isa = PBXBuildFile; fileRef = E9089BC72E4D0E2900309575 /* FoodTemplates.json */; };
		E9089BD02E4D0E2900309575 /* CalorieCardsApp.swift in Sources */ = {isa = PBXBuildFile; fileRef = E9089BC32E4D0E2900309575 /* CalorieCardsApp.swift */; };
		E9089BD12E4D0E2900309575 /* FoodTemplate.swift in Sources */ = {isa = PBXBuildFile; fileRef = E9089BC62E4D0E2900309575 /* FoodTemplate.swift */; };
		E9089BD32E4D0E2900309575 /* ContentView.swift in Sources */ = {isa = PBXBuildFile; fileRef = E9089BC42E4D0E2900309575 /* ContentView.swift */; };
		E91F12BA2E4D139B0003BCF9 /* AppBootstrapper.swift in Sources */ = {isa = PBXBuildFile; fileRef = E91F12B92E4D13980003BCF9 /* AppBootstrapper.swift */; };
		E91F12BE2E4D140E0003BCF9 /* SeedTemplatesUseCase.swift in Sources */ = {isa = PBXBuildFile; fileRef = E91F12BD2E4D140E0003BCF9 /* SeedTemplatesUseCase.swift */; };
		E91F12C22E4D16080003BCF9 /* CardName.swift in Sources */ = {isa = PBXBuildFile; fileRef = E91F12C12E4D16060003BCF9 /* CardName.swift */; };
		E91F12C52E4D172B0003BCF9 /* CardView.swift in Sources */ = {isa = PBXBuildFile; fileRef = E91F12C42E4D17250003BCF9 /* CardView.swift */; };
		E91F12C92E4D1A880003BCF9 /* FoodPicker.swift in Sources */ = {isa = PBXBuildFile; fileRef = E91F12C82E4D1A850003BCF9 /* FoodPicker.swift */; };
		E91F12D22E4D3D840003BCF9 /* ExpandedKcalCard.swift in Sources */ = {isa = PBXBuildFile; fileRef = E91F12D12E4D3D820003BCF9 /* ExpandedKcalCard.swift */; };
		E91F12D42E4D3EE20003BCF9 /* ExpandedMealCardStyle.swift in Sources */ = {isa = PBXBuildFile; fileRef = E91F12D32E4D3EDA0003BCF9 /* ExpandedMealCardStyle.swift */; };
		E9B701512E4D789F00A46F7A /* FoodPortion.swift in Sources */ = {isa = PBXBuildFile; fileRef = E9B701502E4D789F00A46F7A /* FoodPortion.swift */; };
		E9B7015D2E4D9E2C00A46F7A /* MealCardStateStore.swift in Sources */ = {isa = PBXBuildFile; fileRef = E9B7015C2E4D9E2C00A46F7A /* MealCardStateStore.swift */; };
		E9B7015E2E4DA07C00A46F7A /* DayRollover.swift in Sources */ = {isa = PBXBuildFile; fileRef = E9B701532E4D9B0400A46F7A /* DayRollover.swift */; };
		E9B701602E50274D00A46F7A /* MealCard.swift in Sources */ = {isa = PBXBuildFile; fileRef = E9B7015F2E50274900A46F7A /* MealCard.swift */; };
		E9C76AF82E52D81B00853B5E /* DayEndPicker.swift in Sources */ = {isa = PBXBuildFile; fileRef = E9C76AF72E52D81700853B5E /* DayEndPicker.swift */; };
		E9E25AEC2E5186A8004D30BD /* ExpandedCardSettings.swift in Sources */ = {isa = PBXBuildFile; fileRef = E9E25AEB2E5186A0004D30BD /* ExpandedCardSettings.swift */; };
/* End PBXBuildFile section */

/* Begin PBXFileReference section */
		E9089BC32E4D0E2900309575 /* CalorieCardsApp.swift */ = {isa = PBXFileReference; lastKnownFileType = sourcecode.swift; path = CalorieCardsApp.swift; sourceTree = "<group>"; };
		E9089BC42E4D0E2900309575 /* ContentView.swift */ = {isa = PBXFileReference; lastKnownFileType = sourcecode.swift; path = ContentView.swift; sourceTree = "<group>"; };
		E9089BC62E4D0E2900309575 /* FoodTemplate.swift */ = {isa = PBXFileReference; lastKnownFileType = sourcecode.swift; path = FoodTemplate.swift; sourceTree = "<group>"; };
		E9089BC72E4D0E2900309575 /* FoodTemplates.json */ = {isa = PBXFileReference; lastKnownFileType = text.json; path = FoodTemplates.json; sourceTree = "<group>"; };
		E9089BC82E4D0E2900309575 /* Localizable.xcstrings */ = {isa = PBXFileReference; lastKnownFileType = text.json.xcstrings; path = Localizable.xcstrings; sourceTree = "<group>"; };
		E90901EF2E4BE7EC001A9713 /* CalorieCards.app */ = {isa = PBXFileReference; explicitFileType = wrapper.application; includeInIndex = 0; path = CalorieCards.app; sourceTree = BUILT_PRODUCTS_DIR; };
		E91F12B52E4D12490003BCF9 /* DailyData.swift */ = {isa = PBXFileReference; lastKnownFileType = sourcecode.swift; path = DailyData.swift; sourceTree = "<group>"; };
		E91F12B92E4D13980003BCF9 /* AppBootstrapper.swift */ = {isa = PBXFileReference; lastKnownFileType = sourcecode.swift; path = AppBootstrapper.swift; sourceTree = "<group>"; };
		E91F12BD2E4D140E0003BCF9 /* SeedTemplatesUseCase.swift */ = {isa = PBXFileReference; lastKnownFileType = sourcecode.swift; path = SeedTemplatesUseCase.swift; sourceTree = "<group>"; };
		E91F12C12E4D16060003BCF9 /* CardName.swift */ = {isa = PBXFileReference; lastKnownFileType = sourcecode.swift; path = CardName.swift; sourceTree = "<group>"; };
		E91F12C42E4D17250003BCF9 /* CardView.swift */ = {isa = PBXFileReference; lastKnownFileType = sourcecode.swift; path = CardView.swift; sourceTree = "<group>"; };
		E91F12C82E4D1A850003BCF9 /* FoodPicker.swift */ = {isa = PBXFileReference; lastKnownFileType = sourcecode.swift; path = FoodPicker.swift; sourceTree = "<group>"; };
		E91F12D12E4D3D820003BCF9 /* ExpandedKcalCard.swift */ = {isa = PBXFileReference; lastKnownFileType = sourcecode.swift; path = ExpandedKcalCard.swift; sourceTree = "<group>"; };
		E91F12D32E4D3EDA0003BCF9 /* ExpandedMealCardStyle.swift */ = {isa = PBXFileReference; lastKnownFileType = sourcecode.swift; path = ExpandedMealCardStyle.swift; sourceTree = "<group>"; };
		E9B701502E4D789F00A46F7A /* FoodPortion.swift */ = {isa = PBXFileReference; lastKnownFileType = sourcecode.swift; path = FoodPortion.swift; sourceTree = "<group>"; };
		E9B701532E4D9B0400A46F7A /* DayRollover.swift */ = {isa = PBXFileReference; lastKnownFileType = sourcecode.swift; path = DayRollover.swift; sourceTree = "<group>"; };
		E9B7015C2E4D9E2C00A46F7A /* MealCardStateStore.swift */ = {isa = PBXFileReference; lastKnownFileType = sourcecode.swift; path = MealCardStateStore.swift; sourceTree = "<group>"; };
		E9B7015F2E50274900A46F7A /* MealCard.swift */ = {isa = PBXFileReference; lastKnownFileType = sourcecode.swift; path = MealCard.swift; sourceTree = "<group>"; };
		E9C76AF72E52D81700853B5E /* DayEndPicker.swift */ = {isa = PBXFileReference; lastKnownFileType = sourcecode.swift; path = DayEndPicker.swift; sourceTree = "<group>"; };
		E9E25AEB2E5186A0004D30BD /* ExpandedCardSettings.swift */ = {isa = PBXFileReference; lastKnownFileType = sourcecode.swift; path = ExpandedCardSettings.swift; sourceTree = "<group>"; };
/* End PBXFileReference section */

/* Begin PBXFrameworksBuildPhase section */
		E90901EC2E4BE7EC001A9713 /* Frameworks */ = {
			isa = PBXFrameworksBuildPhase;
			buildActionMask = 2147483647;
			files = (
			);
			runOnlyForDeploymentPostprocessing = 0;
		};
/* End PBXFrameworksBuildPhase section */

/* Begin PBXGroup section */
		E90901E62E4BE7EC001A9713 = {
			isa = PBXGroup;
			children = (
				E91F12CC2E4D1C1D0003BCF9 /* Resources */,
				E91F12B22E4D113B0003BCF9 /* Domain */,
				E91F12B12E4D0F3A0003BCF9 /* Data */,
				E91F12B02E4D0EFE0003BCF9 /* App */,
				E90901F02E4BE7EC001A9713 /* Products */,
			);
			sourceTree = "<group>";
		};
		E90901F02E4BE7EC001A9713 /* Products */ = {
			isa = PBXGroup;
			children = (
				E90901EF2E4BE7EC001A9713 /* CalorieCards.app */,
			);
			name = Products;
			sourceTree = "<group>";
		};
		E91F12B02E4D0EFE0003BCF9 /* App */ = {
			isa = PBXGroup;
			children = (
				E91F12B92E4D13980003BCF9 /* AppBootstrapper.swift */,
				E9089BC32E4D0E2900309575 /* CalorieCardsApp.swift */,
			);
			path = App;
			sourceTree = "<group>";
		};
		E91F12B12E4D0F3A0003BCF9 /* Data */ = {
			isa = PBXGroup;
			children = (
				E91F12C32E4D16B10003BCF9 /* Views */,
				E91F12B62E4D12730003BCF9 /* Services */,
				E91F12B42E4D11610003BCF9 /* Models */,
			);
			path = Data;
			sourceTree = "<group>";
		};
		E91F12B22E4D113B0003BCF9 /* Domain */ = {
			isa = PBXGroup;
			children = (
				E9B701532E4D9B0400A46F7A /* DayRollover.swift */,
				E91F12B52E4D12490003BCF9 /* DailyData.swift */,
			);
			path = Domain;
			sourceTree = "<group>";
		};
		E91F12B42E4D11610003BCF9 /* Models */ = {
			isa = PBXGroup;
			children = (
				E9B7015F2E50274900A46F7A /* MealCard.swift */,
				E9B701502E4D789F00A46F7A /* FoodPortion.swift */,
				E91F12D32E4D3EDA0003BCF9 /* ExpandedMealCardStyle.swift */,
				E91F12C12E4D16060003BCF9 /* CardName.swift */,
				E9089BC62E4D0E2900309575 /* FoodTemplate.swift */,
			);
			path = Models;
			sourceTree = "<group>";
		};
		E91F12B62E4D12730003BCF9 /* Services */ = {
			isa = PBXGroup;
			children = (
				E9B7015C2E4D9E2C00A46F7A /* MealCardStateStore.swift */,
				E91F12BD2E4D140E0003BCF9 /* SeedTemplatesUseCase.swift */,
			);
			path = Services;
			sourceTree = "<group>";
		};
		E91F12C32E4D16B10003BCF9 /* Views */ = {
			isa = PBXGroup;
			children = (
				E9C76AF72E52D81700853B5E /* DayEndPicker.swift */,
				E91F12D12E4D3D820003BCF9 /* ExpandedKcalCard.swift */,
				E9E25AEB2E5186A0004D30BD /* ExpandedCardSettings.swift */,
				E91F12C82E4D1A850003BCF9 /* FoodPicker.swift */,
				E91F12C42E4D17250003BCF9 /* CardView.swift */,
				E9089BC42E4D0E2900309575 /* ContentView.swift */,
			);
			path = Views;
			sourceTree = "<group>";
		};
		E91F12CC2E4D1C1D0003BCF9 /* Resources */ = {
			isa = PBXGroup;
			children = (
				E9089BC72E4D0E2900309575 /* FoodTemplates.json */,
				E9089BC82E4D0E2900309575 /* Localizable.xcstrings */,
			);
			path = Resources;
			sourceTree = "<group>";
		};
/* End PBXGroup section */

/* Begin PBXNativeTarget section */
		E90901EE2E4BE7EC001A9713 /* CalorieCards */ = {
			isa = PBXNativeTarget;
			buildConfigurationList = E90901FC2E4BE7EE001A9713 /* Build configuration list for PBXNativeTarget "CalorieCards" */;
			buildPhases = (
				E90901EB2E4BE7EC001A9713 /* Sources */,
				E90901EC2E4BE7EC001A9713 /* Frameworks */,
				E90901ED2E4BE7EC001A9713 /* Resources */,
			);
			buildRules = (
			);
			dependencies = (
			);
			name = CalorieCards;
			packageProductDependencies = (
			);
			productName = CalorieCards;
			productReference = E90901EF2E4BE7EC001A9713 /* CalorieCards.app */;
			productType = "com.apple.product-type.application";
		};
/* End PBXNativeTarget section */

/* Begin PBXProject section */
		E90901E72E4BE7EC001A9713 /* Project object */ = {
			isa = PBXProject;
			attributes = {
				BuildIndependentTargetsInParallel = 1;
				LastSwiftUpdateCheck = 1640;
				LastUpgradeCheck = 1640;
				TargetAttributes = {
					E90901EE2E4BE7EC001A9713 = {
						CreatedOnToolsVersion = 16.4;
						LastSwiftMigration = 1640;
					};
				};
			};
			buildConfigurationList = E90901EA2E4BE7EC001A9713 /* Build configuration list for PBXProject "CalorieCards" */;
			developmentRegion = en;
			hasScannedForEncodings = 0;
			knownRegions = (
				en,
				Base,
				"zh-Hans",
			);
			mainGroup = E90901E62E4BE7EC001A9713;
			minimizedProjectReferenceProxies = 1;
			preferredProjectObjectVersion = 77;
			productRefGroup = E90901F02E4BE7EC001A9713 /* Products */;
			projectDirPath = "";
			projectRoot = "";
			targets = (
				E90901EE2E4BE7EC001A9713 /* CalorieCards */,
			);
		};
/* End PBXProject section */

/* Begin PBXResourcesBuildPhase section */
		E90901ED2E4BE7EC001A9713 /* Resources */ = {
			isa = PBXResourcesBuildPhase;
			buildActionMask = 2147483647;
			files = (
				E9089BCC2E4D0E2900309575 /* Localizable.xcstrings in Resources */,
				E9089BCD2E4D0E2900309575 /* FoodTemplates.json in Resources */,
			);
			runOnlyForDeploymentPostprocessing = 0;
		};
/* End PBXResourcesBuildPhase section */

/* Begin PBXSourcesBuildPhase section */
		E90901EB2E4BE7EC001A9713 /* Sources */ = {
			isa = PBXSourcesBuildPhase;
			buildActionMask = 2147483647;
			files = (
				E9C76AF82E52D81B00853B5E /* DayEndPicker.swift in Sources */,
				E91F12BA2E4D139B0003BCF9 /* AppBootstrapper.swift in Sources */,
				E91F12D22E4D3D840003BCF9 /* ExpandedKcalCard.swift in Sources */,
				E9E25AEC2E5186A8004D30BD /* ExpandedCardSettings.swift in Sources */,
				E91F12C52E4D172B0003BCF9 /* CardView.swift in Sources */,
				E91F12D42E4D3EE20003BCF9 /* ExpandedMealCardStyle.swift in Sources */,
				E9B701512E4D789F00A46F7A /* FoodPortion.swift in Sources */,
				E9B701602E50274D00A46F7A /* MealCard.swift in Sources */,
				E91F12C92E4D1A880003BCF9 /* FoodPicker.swift in Sources */,
				E91F12BE2E4D140E0003BCF9 /* SeedTemplatesUseCase.swift in Sources */,
				E9B7015D2E4D9E2C00A46F7A /* MealCardStateStore.swift in Sources */,
				E9089BD02E4D0E2900309575 /* CalorieCardsApp.swift in Sources */,
				E9089BD12E4D0E2900309575 /* FoodTemplate.swift in Sources */,
				E9089BD32E4D0E2900309575 /* ContentView.swift in Sources */,
				E91F12C22E4D16080003BCF9 /* CardName.swift in Sources */,
				E9B7015E2E4DA07C00A46F7A /* DayRollover.swift in Sources */,
			);
			runOnlyForDeploymentPostprocessing = 0;
		};
/* End PBXSourcesBuildPhase section */

/* Begin XCBuildConfiguration section */
		E90901FA2E4BE7EE001A9713 /* Debug */ = {
			isa = XCBuildConfiguration;
			buildSettings = {
				ALWAYS_SEARCH_USER_PATHS = NO;
				ASSETCATALOG_COMPILER_GENERATE_SWIFT_ASSET_SYMBOL_EXTENSIONS = YES;
				CLANG_ANALYZER_NONNULL = YES;
				CLANG_ANALYZER_NUMBER_OBJECT_CONVERSION = YES_AGGRESSIVE;
				CLANG_CXX_LANGUAGE_STANDARD = "gnu++20";
				CLANG_ENABLE_MODULES = YES;
				CLANG_ENABLE_OBJC_ARC = YES;
				CLANG_ENABLE_OBJC_WEAK = YES;
				CLANG_WARN_BLOCK_CAPTURE_AUTORELEASING = YES;
				CLANG_WARN_BOOL_CONVERSION = YES;
				CLANG_WARN_COMMA = YES;
				CLANG_WARN_CONSTANT_CONVERSION = YES;
				CLANG_WARN_DEPRECATED_OBJC_IMPLEMENTATIONS = YES;
				CLANG_WARN_DIRECT_OBJC_ISA_USAGE = YES_ERROR;
				CLANG_WARN_DOCUMENTATION_COMMENTS = YES;
				CLANG_WARN_EMPTY_BODY = YES;
				CLANG_WARN_ENUM_CONVERSION = YES;
				CLANG_WARN_INFINITE_RECURSION = YES;
				CLANG_WARN_INT_CONVERSION = YES;
				CLANG_WARN_NON_LITERAL_NULL_CONVERSION = YES;
				CLANG_WARN_OBJC_IMPLICIT_RETAIN_SELF = YES;
				CLANG_WARN_OBJC_LITERAL_CONVERSION = YES;
				CLANG_WARN_OBJC_ROOT_CLASS = YES_ERROR;
				CLANG_WARN_QUOTED_INCLUDE_IN_FRAMEWORK_HEADER = YES;
				CLANG_WARN_RANGE_LOOP_ANALYSIS = YES;
				CLANG_WARN_STRICT_PROTOTYPES = YES;
				CLANG_WARN_SUSPICIOUS_MOVE = YES;
				CLANG_WARN_UNGUARDED_AVAILABILITY = YES_AGGRESSIVE;
				CLANG_WARN_UNREACHABLE_CODE = YES;
				CLANG_WARN__DUPLICATE_METHOD_MATCH = YES;
				COPY_PHASE_STRIP = NO;
				DEBUG_INFORMATION_FORMAT = dwarf;
				DEVELOPMENT_TEAM = VG446JX3W8;
				ENABLE_STRICT_OBJC_MSGSEND = YES;
				ENABLE_TESTABILITY = YES;
				ENABLE_USER_SCRIPT_SANDBOXING = YES;
				GCC_C_LANGUAGE_STANDARD = gnu17;
				GCC_DYNAMIC_NO_PIC = NO;
				GCC_NO_COMMON_BLOCKS = YES;
				GCC_OPTIMIZATION_LEVEL = 0;
				GCC_PREPROCESSOR_DEFINITIONS = (
					"DEBUG=1",
					"$(inherited)",
				);
				GCC_WARN_64_TO_32_BIT_CONVERSION = YES;
				GCC_WARN_ABOUT_RETURN_TYPE = YES_ERROR;
				GCC_WARN_UNDECLARED_SELECTOR = YES;
				GCC_WARN_UNINITIALIZED_AUTOS = YES_AGGRESSIVE;
				GCC_WARN_UNUSED_FUNCTION = YES;
				GCC_WARN_UNUSED_VARIABLE = YES;
				IPHONEOS_DEPLOYMENT_TARGET = 18.5;
				LOCALIZATION_PREFERS_STRING_CATALOGS = YES;
				MTL_ENABLE_DEBUG_INFO = INCLUDE_SOURCE;
				MTL_FAST_MATH = YES;
				ONLY_ACTIVE_ARCH = YES;
				SDKROOT = iphoneos;
				SWIFT_ACTIVE_COMPILATION_CONDITIONS = "DEBUG $(inherited)";
				SWIFT_EMIT_LOC_STRINGS = YES;
				SWIFT_OPTIMIZATION_LEVEL = "-Onone";
			};
			name = Debug;
		};
		E90901FB2E4BE7EE001A9713 /* Release */ = {
			isa = XCBuildConfiguration;
			buildSettings = {
				ALWAYS_SEARCH_USER_PATHS = NO;
				ASSETCATALOG_COMPILER_GENERATE_SWIFT_ASSET_SYMBOL_EXTENSIONS = YES;
				CLANG_ANALYZER_NONNULL = YES;
				CLANG_ANALYZER_NUMBER_OBJECT_CONVERSION = YES_AGGRESSIVE;
				CLANG_CXX_LANGUAGE_STANDARD = "gnu++20";
				CLANG_ENABLE_MODULES = YES;
				CLANG_ENABLE_OBJC_ARC = YES;
				CLANG_ENABLE_OBJC_WEAK = YES;
				CLANG_WARN_BLOCK_CAPTURE_AUTORELEASING = YES;
				CLANG_WARN_BOOL_CONVERSION = YES;
				CLANG_WARN_COMMA = YES;
				CLANG_WARN_CONSTANT_CONVERSION = YES;
				CLANG_WARN_DEPRECATED_OBJC_IMPLEMENTATIONS = YES;
				CLANG_WARN_DIRECT_OBJC_ISA_USAGE = YES_ERROR;
				CLANG_WARN_DOCUMENTATION_COMMENTS = YES;
				CLANG_WARN_EMPTY_BODY = YES;
				CLANG_WARN_ENUM_CONVERSION = YES;
				CLANG_WARN_INFINITE_RECURSION = YES;
				CLANG_WARN_INT_CONVERSION = YES;
				CLANG_WARN_NON_LITERAL_NULL_CONVERSION = YES;
				CLANG_WARN_OBJC_IMPLICIT_RETAIN_SELF = YES;
				CLANG_WARN_OBJC_LITERAL_CONVERSION = YES;
				CLANG_WARN_OBJC_ROOT_CLASS = YES_ERROR;
				CLANG_WARN_QUOTED_INCLUDE_IN_FRAMEWORK_HEADER = YES;
				CLANG_WARN_RANGE_LOOP_ANALYSIS = YES;
				CLANG_WARN_STRICT_PROTOTYPES = YES;
				CLANG_WARN_SUSPICIOUS_MOVE = YES;
				CLANG_WARN_UNGUARDED_AVAILABILITY = YES_AGGRESSIVE;
				CLANG_WARN_UNREACHABLE_CODE = YES;
				CLANG_WARN__DUPLICATE_METHOD_MATCH = YES;
				COPY_PHASE_STRIP = NO;
				DEBUG_INFORMATION_FORMAT = "dwarf-with-dsym";
				DEVELOPMENT_TEAM = VG446JX3W8;
				ENABLE_NS_ASSERTIONS = NO;
				ENABLE_STRICT_OBJC_MSGSEND = YES;
				ENABLE_USER_SCRIPT_SANDBOXING = YES;
				GCC_C_LANGUAGE_STANDARD = gnu17;
				GCC_NO_COMMON_BLOCKS = YES;
				GCC_WARN_64_TO_32_BIT_CONVERSION = YES;
				GCC_WARN_ABOUT_RETURN_TYPE = YES_ERROR;
				GCC_WARN_UNDECLARED_SELECTOR = YES;
				GCC_WARN_UNINITIALIZED_AUTOS = YES_AGGRESSIVE;
				GCC_WARN_UNUSED_FUNCTION = YES;
				GCC_WARN_UNUSED_VARIABLE = YES;
				IPHONEOS_DEPLOYMENT_TARGET = 18.5;
				LOCALIZATION_PREFERS_STRING_CATALOGS = YES;
				MTL_ENABLE_DEBUG_INFO = NO;
				MTL_FAST_MATH = YES;
				SDKROOT = iphoneos;
				SWIFT_COMPILATION_MODE = wholemodule;
				SWIFT_EMIT_LOC_STRINGS = YES;
				VALIDATE_PRODUCT = YES;
			};
			name = Release;
		};
		E90901FD2E4BE7EE001A9713 /* Debug */ = {
			isa = XCBuildConfiguration;
			buildSettings = {
				ASSETCATALOG_COMPILER_APPICON_NAME = AppIcon;
				ASSETCATALOG_COMPILER_GLOBAL_ACCENT_COLOR_NAME = AccentColor;
				CLANG_ENABLE_MODULES = YES;
				CODE_SIGN_STYLE = Automatic;
				CURRENT_PROJECT_VERSION = 1;
				DEVELOPMENT_TEAM = VG446JX3W8;
				ENABLE_PREVIEWS = YES;
				GENERATE_INFOPLIST_FILE = YES;
				INFOPLIST_KEY_UIApplicationSceneManifest_Generation = YES;
				INFOPLIST_KEY_UIApplicationSupportsIndirectInputEvents = YES;
				INFOPLIST_KEY_UILaunchScreen_Generation = YES;
				INFOPLIST_KEY_UISupportedInterfaceOrientations_iPad = "UIInterfaceOrientationPortrait UIInterfaceOrientationPortraitUpsideDown UIInterfaceOrientationLandscapeLeft UIInterfaceOrientationLandscapeRight";
				INFOPLIST_KEY_UISupportedInterfaceOrientations_iPhone = "UIInterfaceOrientationPortrait UIInterfaceOrientationLandscapeLeft UIInterfaceOrientationLandscapeRight";
				LD_RUNPATH_SEARCH_PATHS = (
					"$(inherited)",
					"@executable_path/Frameworks",
				);
				MARKETING_VERSION = 1.0;
				PRODUCT_BUNDLE_IDENTIFIER = com.tairan.CalorieCards;
				PRODUCT_NAME = "$(TARGET_NAME)";
				SWIFT_EMIT_LOC_STRINGS = YES;
				SWIFT_OPTIMIZATION_LEVEL = "-Onone";
				SWIFT_VERSION = 5.0;
				TARGETED_DEVICE_FAMILY = "1,2";
			};
			name = Debug;
		};
		E90901FE2E4BE7EE001A9713 /* Release */ = {
			isa = XCBuildConfiguration;
			buildSettings = {
				ASSETCATALOG_COMPILER_APPICON_NAME = AppIcon;
				ASSETCATALOG_COMPILER_GLOBAL_ACCENT_COLOR_NAME = AccentColor;
				CLANG_ENABLE_MODULES = YES;
				CODE_SIGN_STYLE = Automatic;
				CURRENT_PROJECT_VERSION = 1;
				DEVELOPMENT_TEAM = VG446JX3W8;
				ENABLE_PREVIEWS = YES;
				GENERATE_INFOPLIST_FILE = YES;
				INFOPLIST_KEY_UIApplicationSceneManifest_Generation = YES;
				INFOPLIST_KEY_UIApplicationSupportsIndirectInputEvents = YES;
				INFOPLIST_KEY_UILaunchScreen_Generation = YES;
				INFOPLIST_KEY_UISupportedInterfaceOrientations_iPad = "UIInterfaceOrientationPortrait UIInterfaceOrientationPortraitUpsideDown UIInterfaceOrientationLandscapeLeft UIInterfaceOrientationLandscapeRight";
				INFOPLIST_KEY_UISupportedInterfaceOrientations_iPhone = "UIInterfaceOrientationPortrait UIInterfaceOrientationLandscapeLeft UIInterfaceOrientationLandscapeRight";
				LD_RUNPATH_SEARCH_PATHS = (
					"$(inherited)",
					"@executable_path/Frameworks",
				);
				MARKETING_VERSION = 1.0;
				PRODUCT_BUNDLE_IDENTIFIER = com.tairan.CalorieCards;
				PRODUCT_NAME = "$(TARGET_NAME)";
				SWIFT_EMIT_LOC_STRINGS = YES;
				SWIFT_VERSION = 5.0;
				TARGETED_DEVICE_FAMILY = "1,2";
			};
			name = Release;
		};
/* End XCBuildConfiguration section */

/* Begin XCConfigurationList section */
		E90901EA2E4BE7EC001A9713 /* Build configuration list for PBXProject "CalorieCards" */ = {
			isa = XCConfigurationList;
			buildConfigurations = (
				E90901FA2E4BE7EE001A9713 /* Debug */,
				E90901FB2E4BE7EE001A9713 /* Release */,
			);
			defaultConfigurationIsVisible = 0;
			defaultConfigurationName = Release;
		};
		E90901FC2E4BE7EE001A9713 /* Build configuration list for PBXNativeTarget "CalorieCards" */ = {
			isa = XCConfigurationList;
			buildConfigurations = (
				E90901FD2E4BE7EE001A9713 /* Debug */,
				E90901FE2E4BE7EE001A9713 /* Release */,
			);
			defaultConfigurationIsVisible = 0;
			defaultConfigurationName = Release;
		};
/* End XCConfigurationList section */
	};
	rootObject = E90901E72E4BE7EC001A9713 /* Project object */;
}
